
Microsoft Visual Studio Solution File, Format Version 12.00
# Visual Studio 15
VisualStudioVersion = 15.0.28010.2019
MinimumVisualStudioVersion = 10.0.40219.1
Project("{FAE04EC0-301F-11D3-BF4B-00C04F79EFBC}") = "ContactsApp", "ContactsApp\ContactsApp.csproj", "{157DDE09-E017-490E-A149-5D0FBC4664E6}"
EndProject
Global
	GlobalSection(SolutionConfigurationPlatforms) = preSolution
		Debug|Any CPU = Debug|Any CPU
		Release|Any CPU = Release|Any CPU
	EndGlobalSection
	GlobalSection(ProjectConfigurationPlatforms) = postSolution
		{157DDE09-E017-490E-A149-5D0FBC4664E6}.Debug|Any CPU.ActiveCfg = Debug|Any CPU
		{157DDE09-E017-490E-A149-5D0FBC4664E6}.Debug|Any CPU.Build.0 = Debug|Any CPU
		{157DDE09-E017-490E-A149-5D0FBC4664E6}.Release|Any CPU.ActiveCfg = Release|Any CPU
		{157DDE09-E017-490E-A149-5D0FBC4664E6}.Release|Any CPU.Build.0 = Release|Any CPU
	EndGlobalSection
	GlobalSection(SolutionProperties) = preSolution
		HideSolutionNode = FALSE
	EndGlobalSection
	GlobalSection(ExtensibilityGlobals) = postSolution
		SolutionGuid = {73A2E9D9-D59B-4026-8D28-A03520A056DE}
	EndGlobalSection
EndGlobal
