
Microsoft Visual Studio Solution File, Format Version 12.00
# Visual Studio 15
VisualStudioVersion = 15.0.28010.2019
MinimumVisualStudioVersion = 10.0.40219.1
Project("{FAE04EC0-301F-11D3-BF4B-00C04F79EFBC}") = "ContactsApp", "ContactsApp\ContactsApp.csproj", "{99CA3BB8-899A-493E-A7BF-7182AC2C0B2E}"
EndProject
Project("{FAE04EC0-301F-11D3-BF4B-00C04F79EFBC}") = "ContactsApp.UI", "ContactsApp.UI\ContactsApp.UI.csproj", "{E024B1BA-9193-4AD2-AFC8-52A9A0B58685}"
EndProject
Project("{FAE04EC0-301F-11D3-BF4B-00C04F79EFBC}") = "ContactsApp.UnitTests", "ContactsApp.UnitTests\ContactsApp.UnitTests.csproj", "{604303F5-987D-40A2-98AD-81323FD6BE36}"
EndProject
Project("{2150E333-8FDC-42A3-9474-1A3956D46DE8}") = "InstallScripts", "InstallScripts", "{4D69D235-791B-47BF-8114-0DACCBDFC133}"
	ProjectSection(SolutionItems) = preProject
		InstallScripts\InstallScript.iss = InstallScripts\InstallScript.iss
	EndProjectSection
EndProject
Global
	GlobalSection(SolutionConfigurationPlatforms) = preSolution
		BuildInstall|Any CPU = BuildInstall|Any CPU
		Debug|Any CPU = Debug|Any CPU
		Release|Any CPU = Release|Any CPU
	EndGlobalSection
	GlobalSection(ProjectConfigurationPlatforms) = postSolution
		{99CA3BB8-899A-493E-A7BF-7182AC2C0B2E}.BuildInstall|Any CPU.ActiveCfg = Release|Any CPU
		{99CA3BB8-899A-493E-A7BF-7182AC2C0B2E}.BuildInstall|Any CPU.Build.0 = Release|Any CPU
		{99CA3BB8-899A-493E-A7BF-7182AC2C0B2E}.Debug|Any CPU.ActiveCfg = Debug|Any CPU
		{99CA3BB8-899A-493E-A7BF-7182AC2C0B2E}.Debug|Any CPU.Build.0 = Debug|Any CPU
		{99CA3BB8-899A-493E-A7BF-7182AC2C0B2E}.Release|Any CPU.ActiveCfg = Release|Any CPU
		{99CA3BB8-899A-493E-A7BF-7182AC2C0B2E}.Release|Any CPU.Build.0 = Release|Any CPU
		{E024B1BA-9193-4AD2-AFC8-52A9A0B58685}.BuildInstall|Any CPU.ActiveCfg = Debug|Any CPU
		{E024B1BA-9193-4AD2-AFC8-52A9A0B58685}.BuildInstall|Any CPU.Build.0 = Debug|Any CPU
		{E024B1BA-9193-4AD2-AFC8-52A9A0B58685}.Debug|Any CPU.ActiveCfg = Debug|Any CPU
		{E024B1BA-9193-4AD2-AFC8-52A9A0B58685}.Debug|Any CPU.Build.0 = Debug|Any CPU
		{E024B1BA-9193-4AD2-AFC8-52A9A0B58685}.Release|Any CPU.ActiveCfg = Release|Any CPU
		{E024B1BA-9193-4AD2-AFC8-52A9A0B58685}.Release|Any CPU.Build.0 = Release|Any CPU
		{604303F5-987D-40A2-98AD-81323FD6BE36}.BuildInstall|Any CPU.ActiveCfg = Release|Any CPU
		{604303F5-987D-40A2-98AD-81323FD6BE36}.BuildInstall|Any CPU.Build.0 = Release|Any CPU
		{604303F5-987D-40A2-98AD-81323FD6BE36}.Debug|Any CPU.ActiveCfg = Debug|Any CPU
		{604303F5-987D-40A2-98AD-81323FD6BE36}.Debug|Any CPU.Build.0 = Debug|Any CPU
		{604303F5-987D-40A2-98AD-81323FD6BE36}.Release|Any CPU.ActiveCfg = Release|Any CPU
		{604303F5-987D-40A2-98AD-81323FD6BE36}.Release|Any CPU.Build.0 = Release|Any CPU
	EndGlobalSection
	GlobalSection(SolutionProperties) = preSolution
		HideSolutionNode = FALSE
	EndGlobalSection
	GlobalSection(ExtensibilityGlobals) = postSolution
		SolutionGuid = {CA407A0F-29B2-43C4-BA81-DF00EAAE088A}
	EndGlobalSection
EndGlobal
